
Microsoft Visual Studio Solution File, Format Version 12.00
# Visual Studio Version 16
VisualStudioVersion = 16.0.32228.343
MinimumVisualStudioVersion = 10.0.40219.1
Project("{FAE04EC0-301F-11D3-BF4B-00C04F79EFBC}") = "practice", "practice\practice.csproj", "{6995066A-A3D9-4483-A0B9-211581DA587E}"
EndProject
Global
	GlobalSection(SolutionConfigurationPlatforms) = preSolution
		Debug|Any CPU = Debug|Any CPU
		Release|Any CPU = Release|Any CPU
	EndGlobalSection
	GlobalSection(ProjectConfigurationPlatforms) = postSolution
		{6995066A-A3D9-4483-A0B9-211581DA587E}.Debug|Any CPU.ActiveCfg = Debug|Any CPU
		{6995066A-A3D9-4483-A0B9-211581DA587E}.Debug|Any CPU.Build.0 = Debug|Any CPU
		{6995066A-A3D9-4483-A0B9-211581DA587E}.Release|Any CPU.ActiveCfg = Release|Any CPU
		{6995066A-A3D9-4483-A0B9-211581DA587E}.Release|Any CPU.Build.0 = Release|Any CPU
	EndGlobalSection
	GlobalSection(SolutionProperties) = preSolution
		HideSolutionNode = FALSE
	EndGlobalSection
	GlobalSection(ExtensibilityGlobals) = postSolution
		SolutionGuid = {552391E8-09C8-4610-8944-3BBDEBEE787D}
	EndGlobalSection
EndGlobal
